
Microsoft Visual Studio Solution File, Format Version 12.00
# Visual Studio Version 16
VisualStudioVersion = 16.0.32228.343
MinimumVisualStudioVersion = 10.0.40219.1
Project("{FAE04EC0-301F-11D3-BF4B-00C04F79EFBC}") = "ProgettoAlbero", "ProgettoAlbero.csproj", "{9802BC46-1747-49E2-AB79-B467B62A6528}"
EndProject
Global
	GlobalSection(SolutionConfigurationPlatforms) = preSolution
		Debug|Any CPU = Debug|Any CPU
		Release|Any CPU = Release|Any CPU
	EndGlobalSection
	GlobalSection(ProjectConfigurationPlatforms) = postSolution
		{9802BC46-1747-49E2-AB79-B467B62A6528}.Debug|Any CPU.ActiveCfg = Debug|Any CPU
		{9802BC46-1747-49E2-AB79-B467B62A6528}.Debug|Any CPU.Build.0 = Debug|Any CPU
		{9802BC46-1747-49E2-AB79-B467B62A6528}.Release|Any CPU.ActiveCfg = Release|Any CPU
		{9802BC46-1747-49E2-AB79-B467B62A6528}.Release|Any CPU.Build.0 = Release|Any CPU
	EndGlobalSection
	GlobalSection(SolutionProperties) = preSolution
		HideSolutionNode = FALSE
	EndGlobalSection
	GlobalSection(ExtensibilityGlobals) = postSolution
		SolutionGuid = {AA4E9A1D-3442-4C7B-A0B4-20672D692976}
	EndGlobalSection
EndGlobal
